Microsoft Visual Studio Solution File, Format Version 12.00
# Visual Studio Version 17
VisualStudioVersion = 17.3.32804.467
MinimumVisualStudioVersion = 10.0.40219.1
Project("{9A19103F-16F7-4668-BE54-9A1E7A4F7556}") = "JobJuggler.API", "JobJuggler.API\JobJuggler.API.csproj", "{AF25DBE1-E8A1-44B7-B629-F439D57D5FBF}"
EndProject
Project("{9A19103F-16F7-4668-BE54-9A1E7A4F7556}") = "JobJuggler.Application", "JobJuggler.Application\JobJuggler.Application.csproj", "{FA2040FE-3223-4193-99EB-99FB148E14A2}"
EndProject
Project("{9A19103F-16F7-4668-BE54-9A1E7A4F7556}") = "JobJuggler.Domain", "JobJuggler.Domain\JobJuggler.Domain.csproj", "{A9694F2C-E95A-46B4-B2B2-A88009821041}"
EndProject
Project("{9A19103F-16F7-4668-BE54-9A1E7A4F7556}") = "JobJuggler.Persistence", "JobJuggler.Persistence\JobJuggler.Persistence.csproj", "{F764596F-8463-4DD9-A808-5AF39B056957}"
EndProject
Project("{2150E333-8FDC-42A3-9474-1A3956D46DE8}") = "Solution Items", "Solution Items", "{4EA90590-7011-4601-90A6-77220CB041FB}"
	ProjectSection(SolutionItems) = preProject
		.editorconfig = .editorconfig
		.gitignore = .gitignore
		.gitattributes = .gitattributes
	EndProjectSection
EndProject
Project("{FAE04EC0-301F-11D3-BF4B-00C04F79EFBC}") = "JobJuggler.Tests", "JobJuggler.Tests\JobJuggler.Tests.csproj", "{DFDD6432-84B6-477A-A088-FB2DC7001534}"
EndProject
Project("{FAE04EC0-301F-11D3-BF4B-00C04F79EFBC}") = "JobJugglers.Mapping", "JobJugglers.Mapping\JobJugglers.Mapping.csproj", "{01A16119-0322-4D5A-89EE-36DB90BF7839}"
EndProject
Project("{2150E333-8FDC-42A3-9474-1A3956D46DE8}") = "tests", "tests", "{B9830199-A750-4FCE-BFD9-9705C232B5B5}"
EndProject
Project("{FAE04EC0-301F-11D3-BF4B-00C04F79EFBC}") = "JobJuggler.DTO", "JobJuggler.DTO\JobJuggler.DTO.csproj", "{F2ABB0B4-4D8B-4057-BFB7-37F969E0348C}"
EndProject
Global
	GlobalSection(SolutionConfigurationPlatforms) = preSolution
		Debug|Any CPU = Debug|Any CPU
		Release|Any CPU = Release|Any CPU
	EndGlobalSection
	GlobalSection(ProjectConfigurationPlatforms) = postSolution
		{AF25DBE1-E8A1-44B7-B629-F439D57D5FBF}.Debug|Any CPU.ActiveCfg = Debug|Any CPU
		{AF25DBE1-E8A1-44B7-B629-F439D57D5FBF}.Debug|Any CPU.Build.0 = Debug|Any CPU
		{AF25DBE1-E8A1-44B7-B629-F439D57D5FBF}.Release|Any CPU.ActiveCfg = Release|Any CPU
		{AF25DBE1-E8A1-44B7-B629-F439D57D5FBF}.Release|Any CPU.Build.0 = Release|Any CPU
		{FA2040FE-3223-4193-99EB-99FB148E14A2}.Debug|Any CPU.ActiveCfg = Debug|Any CPU
		{FA2040FE-3223-4193-99EB-99FB148E14A2}.Debug|Any CPU.Build.0 = Debug|Any CPU
		{FA2040FE-3223-4193-99EB-99FB148E14A2}.Release|Any CPU.ActiveCfg = Release|Any CPU
		{FA2040FE-3223-4193-99EB-99FB148E14A2}.Release|Any CPU.Build.0 = Release|Any CPU
		{A9694F2C-E95A-46B4-B2B2-A88009821041}.Debug|Any CPU.ActiveCfg = Debug|Any CPU
		{A9694F2C-E95A-46B4-B2B2-A88009821041}.Debug|Any CPU.Build.0 = Debug|Any CPU
		{A9694F2C-E95A-46B4-B2B2-A88009821041}.Release|Any CPU.ActiveCfg = Release|Any CPU
		{A9694F2C-E95A-46B4-B2B2-A88009821041}.Release|Any CPU.Build.0 = Release|Any CPU
		{F764596F-8463-4DD9-A808-5AF39B056957}.Debug|Any CPU.ActiveCfg = Debug|Any CPU
		{F764596F-8463-4DD9-A808-5AF39B056957}.Debug|Any CPU.Build.0 = Debug|Any CPU
		{F764596F-8463-4DD9-A808-5AF39B056957}.Release|Any CPU.ActiveCfg = Release|Any CPU
		{F764596F-8463-4DD9-A808-5AF39B056957}.Release|Any CPU.Build.0 = Release|Any CPU
		{DFDD6432-84B6-477A-A088-FB2DC7001534}.Debug|Any CPU.ActiveCfg = Debug|Any CPU
		{DFDD6432-84B6-477A-A088-FB2DC7001534}.Debug|Any CPU.Build.0 = Debug|Any CPU
		{DFDD6432-84B6-477A-A088-FB2DC7001534}.Release|Any CPU.ActiveCfg = Release|Any CPU
		{DFDD6432-84B6-477A-A088-FB2DC7001534}.Release|Any CPU.Build.0 = Release|Any CPU
		{01A16119-0322-4D5A-89EE-36DB90BF7839}.Debug|Any CPU.ActiveCfg = Debug|Any CPU
		{01A16119-0322-4D5A-89EE-36DB90BF7839}.Debug|Any CPU.Build.0 = Debug|Any CPU
		{01A16119-0322-4D5A-89EE-36DB90BF7839}.Release|Any CPU.ActiveCfg = Release|Any CPU
		{01A16119-0322-4D5A-89EE-36DB90BF7839}.Release|Any CPU.Build.0 = Release|Any CPU
		{F2ABB0B4-4D8B-4057-BFB7-37F969E0348C}.Debug|Any CPU.ActiveCfg = Debug|Any CPU
		{F2ABB0B4-4D8B-4057-BFB7-37F969E0348C}.Debug|Any CPU.Build.0 = Debug|Any CPU
		{F2ABB0B4-4D8B-4057-BFB7-37F969E0348C}.Release|Any CPU.ActiveCfg = Release|Any CPU
		{F2ABB0B4-4D8B-4057-BFB7-37F969E0348C}.Release|Any CPU.Build.0 = Release|Any CPU
	EndGlobalSection
	GlobalSection(SolutionProperties) = preSolution
		HideSolutionNode = FALSE
	EndGlobalSection
	GlobalSection(ExtensibilityGlobals) = postSolution
		SolutionGuid = {CA1F2671-6E33-4EE0-8D6A-A5AB9008B95A}
	EndGlobalSection
	GlobalSection(NestedProjects) = preSolution
		{DFDD6432-84B6-477A-A088-FB2DC7001534} = {B9830199-A750-4FCE-BFD9-9705C232B5B5}
	EndGlobalSection
EndGlobal
